
Microsoft Visual Studio Solution File, Format Version 12.00
# Visual Studio 15
VisualStudioVersion = 15.0.27004.2010
MinimumVisualStudioVersion = 10.0.40219.1
Project("{8BC9CEB8-8B4A-11D0-8D11-00A0C91BC942}") = "04.12", "04.12\04.12.vcxproj", "{DA7F485C-719D-4747-B355-3F4B9327B278}"
EndProject
Project("{8BC9CEB8-8B4A-11D0-8D11-00A0C91BC942}") = "05.12", "ConsoleApplication2\ConsoleApplication2.vcxproj", "{13AA5691-8B2E-4871-86E0-5AE06D9B54D9}"
EndProject
Project("{8BC9CEB8-8B4A-11D0-8D11-00A0C91BC942}") = "11.12", "ConsoleApplication3\ConsoleApplication3.vcxproj", "{229AD487-F39E-4B07-935B-31AF279E4E85}"
EndProject
Project("{8BC9CEB8-8B4A-11D0-8D11-00A0C91BC942}") = "13.12", "ConsoleApplication5\ConsoleApplication5.vcxproj", "{49453921-AF9F-4B5C-B941-F5E3E4DD0F8C}"
EndProject
Project("{8BC9CEB8-8B4A-11D0-8D11-00A0C91BC942}") = "14.12", "ConsoleApplication6\ConsoleApplication6.vcxproj", "{B0422F2F-AC37-4BC6-8299-51EC2EB7D192}"
EndProject
Project("{8BC9CEB8-8B4A-11D0-8D11-00A0C91BC942}") = "19.12", "19.12\19.12.vcxproj", "{3E6059EB-6C6A-4B56-BB9F-9CA61673B310}"
EndProject
Project("{8BC9CEB8-8B4A-11D0-8D11-00A0C91BC942}") = "20.12", "20.12\20.12.vcxproj", "{B400E903-24CD-4F68-9D10-01B68D674C55}"
EndProject
Project("{8BC9CEB8-8B4A-11D0-8D11-00A0C91BC942}") = "21.12", "21.12\21.12.vcxproj", "{7B08AFBC-B5BF-48F9-A624-A8194FEBA172}"
EndProject
Project("{8BC9CEB8-8B4A-11D0-8D11-00A0C91BC942}") = "25.12", "25.12\25.12.vcxproj", "{0E4773D0-4773-42F4-8D58-66A5500B8660}"
EndProject
Project("{8BC9CEB8-8B4A-11D0-8D11-00A0C91BC942}") = "26.12", "26.12\26.12.vcxproj", "{440D6A1A-CD31-4C7D-AB4D-E6596996941A}"
EndProject
Project("{8BC9CEB8-8B4A-11D0-8D11-00A0C91BC942}") = "27.12", "27.12\27.12.vcxproj", "{9F7987E2-9C2C-4376-A99A-2E2540507B79}"
EndProject
Global
	GlobalSection(SolutionConfigurationPlatforms) = preSolution
		Debug|x64 = Debug|x64
		Debug|x86 = Debug|x86
		Release|x64 = Release|x64
		Release|x86 = Release|x86
	EndGlobalSection
	GlobalSection(ProjectConfigurationPlatforms) = postSolution
		{DA7F485C-719D-4747-B355-3F4B9327B278}.Debug|x64.ActiveCfg = Debug|x64
		{DA7F485C-719D-4747-B355-3F4B9327B278}.Debug|x64.Build.0 = Debug|x64
		{DA7F485C-719D-4747-B355-3F4B9327B278}.Debug|x86.ActiveCfg = Debug|Win32
		{DA7F485C-719D-4747-B355-3F4B9327B278}.Debug|x86.Build.0 = Debug|Win32
		{DA7F485C-719D-4747-B355-3F4B9327B278}.Release|x64.ActiveCfg = Release|x64
		{DA7F485C-719D-4747-B355-3F4B9327B278}.Release|x64.Build.0 = Release|x64
		{DA7F485C-719D-4747-B355-3F4B9327B278}.Release|x86.ActiveCfg = Release|Win32
		{DA7F485C-719D-4747-B355-3F4B9327B278}.Release|x86.Build.0 = Release|Win32
		{13AA5691-8B2E-4871-86E0-5AE06D9B54D9}.Debug|x64.ActiveCfg = Debug|x64
		{13AA5691-8B2E-4871-86E0-5AE06D9B54D9}.Debug|x64.Build.0 = Debug|x64
		{13AA5691-8B2E-4871-86E0-5AE06D9B54D9}.Debug|x86.ActiveCfg = Debug|Win32
		{13AA5691-8B2E-4871-86E0-5AE06D9B54D9}.Debug|x86.Build.0 = Debug|Win32
		{13AA5691-8B2E-4871-86E0-5AE06D9B54D9}.Release|x64.ActiveCfg = Release|x64
		{13AA5691-8B2E-4871-86E0-5AE06D9B54D9}.Release|x64.Build.0 = Release|x64
		{13AA5691-8B2E-4871-86E0-5AE06D9B54D9}.Release|x86.ActiveCfg = Release|Win32
		{13AA5691-8B2E-4871-86E0-5AE06D9B54D9}.Release|x86.Build.0 = Release|Win32
		{229AD487-F39E-4B07-935B-31AF279E4E85}.Debug|x64.ActiveCfg = Debug|x64
		{229AD487-F39E-4B07-935B-31AF279E4E85}.Debug|x64.Build.0 = Debug|x64
		{229AD487-F39E-4B07-935B-31AF279E4E85}.Debug|x86.ActiveCfg = Debug|Win32
		{229AD487-F39E-4B07-935B-31AF279E4E85}.Debug|x86.Build.0 = Debug|Win32
		{229AD487-F39E-4B07-935B-31AF279E4E85}.Release|x64.ActiveCfg = Release|x64
		{229AD487-F39E-4B07-935B-31AF279E4E85}.Release|x64.Build.0 = Release|x64
		{229AD487-F39E-4B07-935B-31AF279E4E85}.Release|x86.ActiveCfg = Release|Win32
		{229AD487-F39E-4B07-935B-31AF279E4E85}.Release|x86.Build.0 = Release|Win32
		{49453921-AF9F-4B5C-B941-F5E3E4DD0F8C}.Debug|x64.ActiveCfg = Debug|x64
		{49453921-AF9F-4B5C-B941-F5E3E4DD0F8C}.Debug|x64.Build.0 = Debug|x64
		{49453921-AF9F-4B5C-B941-F5E3E4DD0F8C}.Debug|x86.ActiveCfg = Debug|Win32
		{49453921-AF9F-4B5C-B941-F5E3E4DD0F8C}.Debug|x86.Build.0 = Debug|Win32
		{49453921-AF9F-4B5C-B941-F5E3E4DD0F8C}.Release|x64.ActiveCfg = Release|x64
		{49453921-AF9F-4B5C-B941-F5E3E4DD0F8C}.Release|x64.Build.0 = Release|x64
		{49453921-AF9F-4B5C-B941-F5E3E4DD0F8C}.Release|x86.ActiveCfg = Release|Win32
		{49453921-AF9F-4B5C-B941-F5E3E4DD0F8C}.Release|x86.Build.0 = Release|Win32
		{B0422F2F-AC37-4BC6-8299-51EC2EB7D192}.Debug|x64.ActiveCfg = Debug|x64
		{B0422F2F-AC37-4BC6-8299-51EC2EB7D192}.Debug|x64.Build.0 = Debug|x64
		{B0422F2F-AC37-4BC6-8299-51EC2EB7D192}.Debug|x86.ActiveCfg = Debug|Win32
		{B0422F2F-AC37-4BC6-8299-51EC2EB7D192}.Debug|x86.Build.0 = Debug|Win32
		{B0422F2F-AC37-4BC6-8299-51EC2EB7D192}.Release|x64.ActiveCfg = Release|x64
		{B0422F2F-AC37-4BC6-8299-51EC2EB7D192}.Release|x64.Build.0 = Release|x64
		{B0422F2F-AC37-4BC6-8299-51EC2EB7D192}.Release|x86.ActiveCfg = Release|Win32
		{B0422F2F-AC37-4BC6-8299-51EC2EB7D192}.Release|x86.Build.0 = Release|Win32
		{3E6059EB-6C6A-4B56-BB9F-9CA61673B310}.Debug|x64.ActiveCfg = Debug|x64
		{3E6059EB-6C6A-4B56-BB9F-9CA61673B310}.Debug|x64.Build.0 = Debug|x64
		{3E6059EB-6C6A-4B56-BB9F-9CA61673B310}.Debug|x86.ActiveCfg = Debug|Win32
		{3E6059EB-6C6A-4B56-BB9F-9CA61673B310}.Debug|x86.Build.0 = Debug|Win32
		{3E6059EB-6C6A-4B56-BB9F-9CA61673B310}.Release|x64.ActiveCfg = Release|x64
		{3E6059EB-6C6A-4B56-BB9F-9CA61673B310}.Release|x64.Build.0 = Release|x64
		{3E6059EB-6C6A-4B56-BB9F-9CA61673B310}.Release|x86.ActiveCfg = Release|Win32
		{3E6059EB-6C6A-4B56-BB9F-9CA61673B310}.Release|x86.Build.0 = Release|Win32
		{B400E903-24CD-4F68-9D10-01B68D674C55}.Debug|x64.ActiveCfg = Debug|x64
		{B400E903-24CD-4F68-9D10-01B68D674C55}.Debug|x64.Build.0 = Debug|x64
		{B400E903-24CD-4F68-9D10-01B68D674C55}.Debug|x86.ActiveCfg = Debug|Win32
		{B400E903-24CD-4F68-9D10-01B68D674C55}.Debug|x86.Build.0 = Debug|Win32
		{B400E903-24CD-4F68-9D10-01B68D674C55}.Release|x64.ActiveCfg = Release|x64
		{B400E903-24CD-4F68-9D10-01B68D674C55}.Release|x64.Build.0 = Release|x64
		{B400E903-24CD-4F68-9D10-01B68D674C55}.Release|x86.ActiveCfg = Release|Win32
		{B400E903-24CD-4F68-9D10-01B68D674C55}.Release|x86.Build.0 = Release|Win32
		{7B08AFBC-B5BF-48F9-A624-A8194FEBA172}.Debug|x64.ActiveCfg = Debug|x64
		{7B08AFBC-B5BF-48F9-A624-A8194FEBA172}.Debug|x64.Build.0 = Debug|x64
		{7B08AFBC-B5BF-48F9-A624-A8194FEBA172}.Debug|x86.ActiveCfg = Debug|Win32
		{7B08AFBC-B5BF-48F9-A624-A8194FEBA172}.Debug|x86.Build.0 = Debug|Win32
		{7B08AFBC-B5BF-48F9-A624-A8194FEBA172}.Release|x64.ActiveCfg = Release|x64
		{7B08AFBC-B5BF-48F9-A624-A8194FEBA172}.Release|x64.Build.0 = Release|x64
		{7B08AFBC-B5BF-48F9-A624-A8194FEBA172}.Release|x86.ActiveCfg = Release|Win32
		{7B08AFBC-B5BF-48F9-A624-A8194FEBA172}.Release|x86.Build.0 = Release|Win32
		{0E4773D0-4773-42F4-8D58-66A5500B8660}.Debug|x64.ActiveCfg = Debug|x64
		{0E4773D0-4773-42F4-8D58-66A5500B8660}.Debug|x64.Build.0 = Debug|x64
		{0E4773D0-4773-42F4-8D58-66A5500B8660}.Debug|x86.ActiveCfg = Debug|Win32
		{0E4773D0-4773-42F4-8D58-66A5500B8660}.Debug|x86.Build.0 = Debug|Win32
		{0E4773D0-4773-42F4-8D58-66A5500B8660}.Release|x64.ActiveCfg = Release|x64
		{0E4773D0-4773-42F4-8D58-66A5500B8660}.Release|x64.Build.0 = Release|x64
		{0E4773D0-4773-42F4-8D58-66A5500B8660}.Release|x86.ActiveCfg = Release|Win32
		{0E4773D0-4773-42F4-8D58-66A5500B8660}.Release|x86.Build.0 = Release|Win32
		{440D6A1A-CD31-4C7D-AB4D-E6596996941A}.Debug|x64.ActiveCfg = Debug|x64
		{440D6A1A-CD31-4C7D-AB4D-E6596996941A}.Debug|x64.Build.0 = Debug|x64
		{440D6A1A-CD31-4C7D-AB4D-E6596996941A}.Debug|x86.ActiveCfg = Debug|Win32
		{440D6A1A-CD31-4C7D-AB4D-E6596996941A}.Debug|x86.Build.0 = Debug|Win32
		{440D6A1A-CD31-4C7D-AB4D-E6596996941A}.Release|x64.ActiveCfg = Release|x64
		{440D6A1A-CD31-4C7D-AB4D-E6596996941A}.Release|x64.Build.0 = Release|x64
		{440D6A1A-CD31-4C7D-AB4D-E6596996941A}.Release|x86.ActiveCfg = Release|Win32
		{440D6A1A-CD31-4C7D-AB4D-E6596996941A}.Release|x86.Build.0 = Release|Win32
		{9F7987E2-9C2C-4376-A99A-2E2540507B79}.Debug|x64.ActiveCfg = Debug|x64
		{9F7987E2-9C2C-4376-A99A-2E2540507B79}.Debug|x64.Build.0 = Debug|x64
		{9F7987E2-9C2C-4376-A99A-2E2540507B79}.Debug|x86.ActiveCfg = Debug|Win32
		{9F7987E2-9C2C-4376-A99A-2E2540507B79}.Debug|x86.Build.0 = Debug|Win32
		{9F7987E2-9C2C-4376-A99A-2E2540507B79}.Release|x64.ActiveCfg = Release|x64
		{9F7987E2-9C2C-4376-A99A-2E2540507B79}.Release|x64.Build.0 = Release|x64
		{9F7987E2-9C2C-4376-A99A-2E2540507B79}.Release|x86.ActiveCfg = Release|Win32
		{9F7987E2-9C2C-4376-A99A-2E2540507B79}.Release|x86.Build.0 = Release|Win32
	EndGlobalSection
	GlobalSection(SolutionProperties) = preSolution
		HideSolutionNode = FALSE
	EndGlobalSection
	GlobalSection(ExtensibilityGlobals) = postSolution
		SolutionGuid = {EE13D8BB-952C-4318-A6A0-22F7B57D711C}
	EndGlobalSection
EndGlobal
